{
  "name": "@rckflr/llms-skills",
  "version": "0.4.1",
  "lockfileVersion": 3,
  "requires": true,
  "packages": {
    "": {
      "name": "@rckflr/llms-skills",
      "version": "0.4.1",
      "license": "MIT",
      "bin": {
        "llms-skills": "bin/llms-skills.mjs"
      },
      "engines": {
        "node": ">=18"
      },
      "optionalDependencies": {
        "@rckflr/minimemory": "^3.2.0"
      }
    },
    "node_modules/@rckflr/minimemory": {
      "version": "3.2.0",
      "resolved": "https://registry.npmjs.org/@rckflr/minimemory/-/minimemory-3.2.0.tgz",
      "integrity": "sha512-dIyfHYjPVuvOk/oKIYm5z5GkuKHggjPIA/wJJboMhgauunCaVLpNKVqv1l8xZuBuf/jTSbzNv64hnh6N37KFKA==",
      "license": "MIT",
      "optional": true
    }
  }
}
